// !$*UTF8*$!
{
	archiveVersion = 1;
	classes = {
	};
	objectVersion = 77;
	objects = {

/* Begin PBXBuildFile section */
		85E185C9CC85A978D72F46EF /* VeralifyCore in Frameworks */ = {isa = PBXBuildFile; productRef = 24B9EE9710E461A4723CDD9A /* VeralifyCore */; };
		9A61207D9FEA965BD3B05F6A /* AmountParserTests.swift in Sources */ = {isa = PBXBuildFile; fileRef = 0934D2AD81F6AD7DBDED8690 /* AmountParserTests.swift */; };
		9B36DF4902F33020899CAC4C /* DebtDeletionTests.swift in Sources */ = {isa = PBXBuildFile; fileRef = 1B4EC475D50D337327398C15 /* DebtDeletionTests.swift */; };
		A92A767740C38FFDF8C10F0F /* VeralifyCore in Frameworks */ = {isa = PBXBuildFile; productRef = 49333D742A7CCE806AFA72FD /* VeralifyCore */; };
		B3917E81CCA11E5E3577FC4B /* MonthlyDeltaTests.swift in Sources */ = {isa = PBXBuildFile; fileRef = 2E6AFAB1B999105B07D512B6 /* MonthlyDeltaTests.swift */; };
		C6C342197C4B1D9E04AB82BC /* DocumentPhotoTests.swift in Sources */ = {isa = PBXBuildFile; fileRef = 635904326668DA2FBF3C64AF /* DocumentPhotoTests.swift */; };
		D45183718EE9350DF1F93EFF /* DebtPaymentTests.swift in Sources */ = {isa = PBXBuildFile; fileRef = 8F3C532332ED12A58E7E0C51 /* DebtPaymentTests.swift */; };
		EFF3089702FBEDA39F026192 /* PlanCacheTests.swift in Sources */ = {isa = PBXBuildFile; fileRef = B581A487CD2866C78E68CC71 /* PlanCacheTests.swift */; };
		F478653B9C9CC9A699AA148B /* DashboardSummaryTests.swift in Sources */ = {isa = PBXBuildFile; fileRef = 005543BF71B1684A7D2DDBE9 /* DashboardSummaryTests.swift */; };
		F7DD38FA8290EE77F11D54EB /* Supabase in Frameworks */ = {isa = PBXBuildFile; productRef = 6BDAAE548F24F3E6F82530B2 /* Supabase */; };
/* End PBXBuildFile section */

/* Begin PBXContainerItemProxy section */
		443EA69FE71ED01B6F402EDA /* PBXContainerItemProxy */ = {
			isa = PBXContainerItemProxy;
			containerPortal = C8552CD46F7BB77BE4F536F4 /* Project object */;
			proxyType = 1;
			remoteGlobalIDString = 7FB35FFBD54DFDEC58182AD7;
			remoteInfo = Veralify;
		};
/* End PBXContainerItemProxy section */

/* Begin PBXFileReference section */
		005543BF71B1684A7D2DDBE9 /* DashboardSummaryTests.swift */ = {isa = PBXFileReference; lastKnownFileType = sourcecode.swift; path = DashboardSummaryTests.swift; sourceTree = "<group>"; };
		0934D2AD81F6AD7DBDED8690 /* AmountParserTests.swift */ = {isa = PBXFileReference; lastKnownFileType = sourcecode.swift; path = AmountParserTests.swift; sourceTree = "<group>"; };
		1B4EC475D50D337327398C15 /* DebtDeletionTests.swift */ = {isa = PBXFileReference; lastKnownFileType = sourcecode.swift; path = DebtDeletionTests.swift; sourceTree = "<group>"; };
		2E6AFAB1B999105B07D512B6 /* MonthlyDeltaTests.swift */ = {isa = PBXFileReference; lastKnownFileType = sourcecode.swift; path = MonthlyDeltaTests.swift; sourceTree = "<group>"; };
		59FBCB34294981A989605E67 /* VeralifyCore */ = {isa = PBXFileReference; lastKnownFileType = folder; name = VeralifyCore; path = VeralifyCore; sourceTree = SOURCE_ROOT; };
		635904326668DA2FBF3C64AF /* DocumentPhotoTests.swift */ = {isa = PBXFileReference; lastKnownFileType = sourcecode.swift; path = DocumentPhotoTests.swift; sourceTree = "<group>"; };
		8F3C532332ED12A58E7E0C51 /* DebtPaymentTests.swift */ = {isa = PBXFileReference; lastKnownFileType = sourcecode.swift; path = DebtPaymentTests.swift; sourceTree = "<group>"; };
		92F6DDF58FDF71475B8F35FA /* Backend.xcconfig */ = {isa = PBXFileReference; lastKnownFileType = text.xcconfig; path = Backend.xcconfig; sourceTree = "<group>"; };
		9AF04246ECA1F30D8459DA7F /* Veralify.app */ = {isa = PBXFileReference; includeInIndex = 0; lastKnownFileType = wrapper.application; path = Veralify.app; sourceTree = BUILT_PRODUCTS_DIR; };
		A3BBB4A20F91899C2169C644 /* VeralifyTests.xctest */ = {isa = PBXFileReference; includeInIndex = 0; lastKnownFileType = wrapper.cfbundle; path = VeralifyTests.xctest; sourceTree = BUILT_PRODUCTS_DIR; };
		B581A487CD2866C78E68CC71 /* PlanCacheTests.swift */ = {isa = PBXFileReference; lastKnownFileType = sourcecode.swift; path = PlanCacheTests.swift; sourceTree = "<group>"; };
/* End PBXFileReference section */

/* Begin PBXFileSystemSynchronizedBuildFileExceptionSet section */
		C6A5F852650A95844F86807C /* PBXFileSystemSynchronizedBuildFileExceptionSet */ = {
			isa = PBXFileSystemSynchronizedBuildFileExceptionSet;
			membershipExceptions = (
				App/Info.plist,
				App/Veralify.entitlements,
			);
			target = 7FB35FFBD54DFDEC58182AD7 /* Veralify */;
		};
/* End PBXFileSystemSynchronizedBuildFileExceptionSet section */

/* Begin PBXFileSystemSynchronizedRootGroup section */
		8509FAE1B720CB89FE36CE31 /* Veralify */ = {
			isa = PBXFileSystemSynchronizedRootGroup;
			exceptions = (
				C6A5F852650A95844F86807C /* PBXFileSystemSynchronizedBuildFileExceptionSet */,
			);
			explicitFileTypes = {
			};
			explicitFolders = (
			);
			path = Veralify;
			sourceTree = "<group>";
		};
/* End PBXFileSystemSynchronizedRootGroup section */

/* Begin PBXFrameworksBuildPhase section */
		C36A2098C5351986D00CED06 /* Frameworks */ = {
			isa = PBXFrameworksBuildPhase;
			buildActionMask = 2147483647;
			files = (
				85E185C9CC85A978D72F46EF /* VeralifyCore in Frameworks */,
				F7DD38FA8290EE77F11D54EB /* Supabase in Frameworks */,
			);
			runOnlyForDeploymentPostprocessing = 0;
		};
		CD9D1A58AFD669A986D9919C /* Frameworks */ = {
			isa = PBXFrameworksBuildPhase;
			buildActionMask = 2147483647;
			files = (
				A92A767740C38FFDF8C10F0F /* VeralifyCore in Frameworks */,
			);
			runOnlyForDeploymentPostprocessing = 0;
		};
/* End PBXFrameworksBuildPhase section */

/* Begin PBXGroup section */
		19974F9086B5D760C3102C1D /* VeralifyTests */ = {
			isa = PBXGroup;
			children = (
				0934D2AD81F6AD7DBDED8690 /* AmountParserTests.swift */,
				005543BF71B1684A7D2DDBE9 /* DashboardSummaryTests.swift */,
				1B4EC475D50D337327398C15 /* DebtDeletionTests.swift */,
				8F3C532332ED12A58E7E0C51 /* DebtPaymentTests.swift */,
				635904326668DA2FBF3C64AF /* DocumentPhotoTests.swift */,
				2E6AFAB1B999105B07D512B6 /* MonthlyDeltaTests.swift */,
				B581A487CD2866C78E68CC71 /* PlanCacheTests.swift */,
			);
			path = VeralifyTests;
			sourceTree = "<group>";
		};
		2816AA6AE1415093CDF458D2 /* Products */ = {
			isa = PBXGroup;
			children = (
				9AF04246ECA1F30D8459DA7F /* Veralify.app */,
				A3BBB4A20F91899C2169C644 /* VeralifyTests.xctest */,
			);
			name = Products;
			sourceTree = "<group>";
		};
		4A3C326392B51CF02E76B6D4 /* Packages */ = {
			isa = PBXGroup;
			children = (
				59FBCB34294981A989605E67 /* VeralifyCore */,
			);
			name = Packages;
			sourceTree = "<group>";
		};
		5681861177DB567163D92087 /* Config */ = {
			isa = PBXGroup;
			children = (
				92F6DDF58FDF71475B8F35FA /* Backend.xcconfig */,
			);
			path = Config;
			sourceTree = "<group>";
		};
		9D734170D443CAF870092893 = {
			isa = PBXGroup;
			children = (
				5681861177DB567163D92087 /* Config */,
				4A3C326392B51CF02E76B6D4 /* Packages */,
				8509FAE1B720CB89FE36CE31 /* Veralify */,
				19974F9086B5D760C3102C1D /* VeralifyTests */,
				2816AA6AE1415093CDF458D2 /* Products */,
			);
			sourceTree = "<group>";
		};
/* End PBXGroup section */

/* Begin PBXNativeTarget section */
		7FB35FFBD54DFDEC58182AD7 /* Veralify */ = {
			isa = PBXNativeTarget;
			buildConfigurationList = A79828BC13E7B1B756666978 /* Build configuration list for PBXNativeTarget "Veralify" */;
			buildPhases = (
				2CD01E721D4407E8AA6CAC07 /* Sources */,
				E524AF32099D4207AA7E07EF /* Resources */,
				C36A2098C5351986D00CED06 /* Frameworks */,
			);
			buildRules = (
			);
			dependencies = (
			);
			fileSystemSynchronizedGroups = (
				8509FAE1B720CB89FE36CE31 /* Veralify */,
			);
			name = Veralify;
			packageProductDependencies = (
				24B9EE9710E461A4723CDD9A /* VeralifyCore */,
				6BDAAE548F24F3E6F82530B2 /* Supabase */,
			);
			productName = Veralify;
			productReference = 9AF04246ECA1F30D8459DA7F /* Veralify.app */;
			productType = "com.apple.product-type.application";
		};
		8562B5976C94C486A196A9BF /* VeralifyTests */ = {
			isa = PBXNativeTarget;
			buildConfigurationList = B14B4F623CDC367167E21445 /* Build configuration list for PBXNativeTarget "VeralifyTests" */;
			buildPhases = (
				781E66B1F41F2BE906D90D3C /* Sources */,
				CD9D1A58AFD669A986D9919C /* Frameworks */,
			);
			buildRules = (
			);
			dependencies = (
				CBB1C3D597105A756C0C48F3 /* PBXTargetDependency */,
			);
			name = VeralifyTests;
			packageProductDependencies = (
				49333D742A7CCE806AFA72FD /* VeralifyCore */,
			);
			productName = VeralifyTests;
			productReference = A3BBB4A20F91899C2169C644 /* VeralifyTests.xctest */;
			productType = "com.apple.product-type.bundle.unit-test";
		};
/* End PBXNativeTarget section */

/* Begin PBXProject section */
		C8552CD46F7BB77BE4F536F4 /* Project object */ = {
			isa = PBXProject;
			attributes = {
				BuildIndependentTargetsInParallel = YES;
				LastUpgradeCheck = 1430;
				TargetAttributes = {
				};
			};
			buildConfigurationList = FD6B6ACF1E10243DB46F7AD0 /* Build configuration list for PBXProject "Veralify" */;
			developmentRegion = en;
			hasScannedForEncodings = 0;
			knownRegions = (
				Base,
				en,
			);
			mainGroup = 9D734170D443CAF870092893;
			minimizedProjectReferenceProxies = 1;
			packageReferences = (
				1FBF46F65A21E92265FD0F98 /* XCRemoteSwiftPackageReference "supabase-swift" */,
				8781AFA91857A9267C79182D /* XCLocalSwiftPackageReference "VeralifyCore" */,
			);
			preferredProjectObjectVersion = 77;
			productRefGroup = 2816AA6AE1415093CDF458D2 /* Products */;
			projectDirPath = "";
			projectRoot = "";
			targets = (
				7FB35FFBD54DFDEC58182AD7 /* Veralify */,
				8562B5976C94C486A196A9BF /* VeralifyTests */,
			);
		};
/* End PBXProject section */

/* Begin PBXResourcesBuildPhase section */
		E524AF32099D4207AA7E07EF /* Resources */ = {
			isa = PBXResourcesBuildPhase;
			buildActionMask = 2147483647;
			files = (
			);
			runOnlyForDeploymentPostprocessing = 0;
		};
/* End PBXResourcesBuildPhase section */

/* Begin PBXSourcesBuildPhase section */
		2CD01E721D4407E8AA6CAC07 /* Sources */ = {
			isa = PBXSourcesBuildPhase;
			buildActionMask = 2147483647;
			files = (
			);
			runOnlyForDeploymentPostprocessing = 0;
		};
		781E66B1F41F2BE906D90D3C /* Sources */ = {
			isa = PBXSourcesBuildPhase;
			buildActionMask = 2147483647;
			files = (
				9A61207D9FEA965BD3B05F6A /* AmountParserTests.swift in Sources */,
				F478653B9C9CC9A699AA148B /* DashboardSummaryTests.swift in Sources */,
				9B36DF4902F33020899CAC4C /* DebtDeletionTests.swift in Sources */,
				D45183718EE9350DF1F93EFF /* DebtPaymentTests.swift in Sources */,
				C6C342197C4B1D9E04AB82BC /* DocumentPhotoTests.swift in Sources */,
				B3917E81CCA11E5E3577FC4B /* MonthlyDeltaTests.swift in Sources */,
				EFF3089702FBEDA39F026192 /* PlanCacheTests.swift in Sources */,
			);
			runOnlyForDeploymentPostprocessing = 0;
		};
/* End PBXSourcesBuildPhase section */

/* Begin PBXTargetDependency section */
		CBB1C3D597105A756C0C48F3 /* PBXTargetDependency */ = {
			isa = PBXTargetDependency;
			target = 7FB35FFBD54DFDEC58182AD7 /* Veralify */;
			targetProxy = 443EA69FE71ED01B6F402EDA /* PBXContainerItemProxy */;
		};
/* End PBXTargetDependency section */

/* Begin XCBuildConfiguration section */
		323E41C2AFD878D2A5E6125D /* Release */ = {
			isa = XCBuildConfiguration;
			baseConfigurationReference = 92F6DDF58FDF71475B8F35FA /* Backend.xcconfig */;
			buildSettings = {
				ASSETCATALOG_COMPILER_APPICON_NAME = AppIcon;
				ASSETCATALOG_COMPILER_GLOBAL_ACCENT_COLOR_NAME = AccentColor;
				CODE_SIGN_ENTITLEMENTS = Veralify/App/Veralify.entitlements;
				CODE_SIGN_IDENTITY = "iPhone Developer";
				GENERATE_INFOPLIST_FILE = YES;
				INFOPLIST_FILE = Veralify/App/Info.plist;
				INFOPLIST_KEY_CFBundleDisplayName = Veralify;
				INFOPLIST_KEY_NSCameraUsageDescription = "Veralify uses the camera to scan receipts and identity documents. Receipt photos are uploaded to your account to be read; identity documents are read on this device and never leave it.";
				INFOPLIST_KEY_UIApplicationSupportsIndirectInputEvents = YES;
				INFOPLIST_KEY_UILaunchScreen_Generation = YES;
				INFOPLIST_KEY_UISupportedInterfaceOrientations = "UIInterfaceOrientationPortrait UIInterfaceOrientationLandscapeLeft UIInterfaceOrientationLandscapeRight";
				LD_RUNPATH_SEARCH_PATHS = (
					"$(inherited)",
					"@executable_path/Frameworks",
				);
				PRODUCT_BUNDLE_IDENTIFIER = com.veralify.moneymanager;
				SDKROOT = iphoneos;
				TARGETED_DEVICE_FAMILY = "1,2";
			};
			name = Release;
		};
		346328AFFFF3D3F78454C511 /* Debug */ = {
			isa = XCBuildConfiguration;
			buildSettings = {
				ALWAYS_SEARCH_USER_PATHS = NO;
				CLANG_ANALYZER_NONNULL = YES;
				CLANG_ANALYZER_NUMBER_OBJECT_CONVERSION = YES_AGGRESSIVE;
				CLANG_CXX_LANGUAGE_STANDARD = "gnu++14";
				CLANG_CXX_LIBRARY = "libc++";
				CLANG_ENABLE_MODULES = YES;
				CLANG_ENABLE_OBJC_ARC = YES;
				CLANG_ENABLE_OBJC_WEAK = YES;
				CLANG_WARN_BLOCK_CAPTURE_AUTORELEASING = YES;
				CLANG_WARN_BOOL_CONVERSION = YES;
				CLANG_WARN_COMMA = YES;
				CLANG_WARN_CONSTANT_CONVERSION = YES;
				CLANG_WARN_DEPRECATED_OBJC_IMPLEMENTATIONS = YES;
				CLANG_WARN_DIRECT_OBJC_ISA_USAGE = YES_ERROR;
				CLANG_WARN_DOCUMENTATION_COMMENTS = YES;
				CLANG_WARN_EMPTY_BODY = YES;
				CLANG_WARN_ENUM_CONVERSION = YES;
				CLANG_WARN_INFINITE_RECURSION = YES;
				CLANG_WARN_INT_CONVERSION = YES;
				CLANG_WARN_NON_LITERAL_NULL_CONVERSION = YES;
				CLANG_WARN_OBJC_IMPLICIT_RETAIN_SELF = YES;
				CLANG_WARN_OBJC_LITERAL_CONVERSION = YES;
				CLANG_WARN_OBJC_ROOT_CLASS = YES_ERROR;
				CLANG_WARN_QUOTED_INCLUDE_IN_FRAMEWORK_HEADER = YES;
				CLANG_WARN_RANGE_LOOP_ANALYSIS = YES;
				CLANG_WARN_STRICT_PROTOTYPES = YES;
				CLANG_WARN_SUSPICIOUS_MOVE = YES;
				CLANG_WARN_UNGUARDED_AVAILABILITY = YES_AGGRESSIVE;
				CLANG_WARN_UNREACHABLE_CODE = YES;
				CLANG_WARN__DUPLICATE_METHOD_MATCH = YES;
				CODE_SIGNING_ALLOWED = NO;
				COPY_PHASE_STRIP = NO;
				DEBUG_INFORMATION_FORMAT = dwarf;
				ENABLE_STRICT_OBJC_MSGSEND = YES;
				ENABLE_TESTABILITY = YES;
				ENABLE_USER_SCRIPT_SANDBOXING = YES;
				GCC_C_LANGUAGE_STANDARD = gnu11;
				GCC_DYNAMIC_NO_PIC = NO;
				GCC_NO_COMMON_BLOCKS = YES;
				GCC_OPTIMIZATION_LEVEL = 0;
				GCC_PREPROCESSOR_DEFINITIONS = (
					"$(inherited)",
					"DEBUG=1",
				);
				GCC_WARN_64_TO_32_BIT_CONVERSION = YES;
				GCC_WARN_ABOUT_RETURN_TYPE = YES_ERROR;
				GCC_WARN_UNDECLARED_SELECTOR = YES;
				GCC_WARN_UNINITIALIZED_AUTOS = YES_AGGRESSIVE;
				GCC_WARN_UNUSED_FUNCTION = YES;
				GCC_WARN_UNUSED_VARIABLE = YES;
				IPHONEOS_DEPLOYMENT_TARGET = 18.0;
				MTL_ENABLE_DEBUG_INFO = INCLUDE_SOURCE;
				MTL_FAST_MATH = YES;
				ONLY_ACTIVE_ARCH = YES;
				PRODUCT_NAME = "$(TARGET_NAME)";
				SDKROOT = iphoneos;
				SWIFT_ACTIVE_COMPILATION_CONDITIONS = DEBUG;
				SWIFT_OPTIMIZATION_LEVEL = "-Onone";
				SWIFT_STRICT_CONCURRENCY = complete;
				SWIFT_VERSION = 6.0;
			};
			name = Debug;
		};
		4CC13FD3FF2C490992F91582 /* Release */ = {
			isa = XCBuildConfiguration;
			buildSettings = {
				ALWAYS_SEARCH_USER_PATHS = NO;
				CLANG_ANALYZER_NONNULL = YES;
				CLANG_ANALYZER_NUMBER_OBJECT_CONVERSION = YES_AGGRESSIVE;
				CLANG_CXX_LANGUAGE_STANDARD = "gnu++14";
				CLANG_CXX_LIBRARY = "libc++";
				CLANG_ENABLE_MODULES = YES;
				CLANG_ENABLE_OBJC_ARC = YES;
				CLANG_ENABLE_OBJC_WEAK = YES;
				CLANG_WARN_BLOCK_CAPTURE_AUTORELEASING = YES;
				CLANG_WARN_BOOL_CONVERSION = YES;
				CLANG_WARN_COMMA = YES;
				CLANG_WARN_CONSTANT_CONVERSION = YES;
				CLANG_WARN_DEPRECATED_OBJC_IMPLEMENTATIONS = YES;
				CLANG_WARN_DIRECT_OBJC_ISA_USAGE = YES_ERROR;
				CLANG_WARN_DOCUMENTATION_COMMENTS = YES;
				CLANG_WARN_EMPTY_BODY = YES;
				CLANG_WARN_ENUM_CONVERSION = YES;
				CLANG_WARN_INFINITE_RECURSION = YES;
				CLANG_WARN_INT_CONVERSION = YES;
				CLANG_WARN_NON_LITERAL_NULL_CONVERSION = YES;
				CLANG_WARN_OBJC_IMPLICIT_RETAIN_SELF = YES;
				CLANG_WARN_OBJC_LITERAL_CONVERSION = YES;
				CLANG_WARN_OBJC_ROOT_CLASS = YES_ERROR;
				CLANG_WARN_QUOTED_INCLUDE_IN_FRAMEWORK_HEADER = YES;
				CLANG_WARN_RANGE_LOOP_ANALYSIS = YES;
				CLANG_WARN_STRICT_PROTOTYPES = YES;
				CLANG_WARN_SUSPICIOUS_MOVE = YES;
				CLANG_WARN_UNGUARDED_AVAILABILITY = YES_AGGRESSIVE;
				CLANG_WARN_UNREACHABLE_CODE = YES;
				CLANG_WARN__DUPLICATE_METHOD_MATCH = YES;
				CODE_SIGNING_ALLOWED = NO;
				COPY_PHASE_STRIP = NO;
				DEBUG_INFORMATION_FORMAT = "dwarf-with-dsym";
				ENABLE_NS_ASSERTIONS = NO;
				ENABLE_STRICT_OBJC_MSGSEND = YES;
				ENABLE_USER_SCRIPT_SANDBOXING = YES;
				GCC_C_LANGUAGE_STANDARD = gnu11;
				GCC_NO_COMMON_BLOCKS = YES;
				GCC_WARN_64_TO_32_BIT_CONVERSION = YES;
				GCC_WARN_ABOUT_RETURN_TYPE = YES_ERROR;
				GCC_WARN_UNDECLARED_SELECTOR = YES;
				GCC_WARN_UNINITIALIZED_AUTOS = YES_AGGRESSIVE;
				GCC_WARN_UNUSED_FUNCTION = YES;
				GCC_WARN_UNUSED_VARIABLE = YES;
				IPHONEOS_DEPLOYMENT_TARGET = 18.0;
				MTL_ENABLE_DEBUG_INFO = NO;
				MTL_FAST_MATH = YES;
				PRODUCT_NAME = "$(TARGET_NAME)";
				SDKROOT = iphoneos;
				SWIFT_COMPILATION_MODE = wholemodule;
				SWIFT_OPTIMIZATION_LEVEL = "-O";
				SWIFT_STRICT_CONCURRENCY = complete;
				SWIFT_VERSION = 6.0;
			};
			name = Release;
		};
		57C39DF143E469E1EF57C72F /* Debug */ = {
			isa = XCBuildConfiguration;
			baseConfigurationReference = 92F6DDF58FDF71475B8F35FA /* Backend.xcconfig */;
			buildSettings = {
				ASSETCATALOG_COMPILER_APPICON_NAME = AppIcon;
				ASSETCATALOG_COMPILER_GLOBAL_ACCENT_COLOR_NAME = AccentColor;
				CODE_SIGN_ENTITLEMENTS = Veralify/App/Veralify.entitlements;
				CODE_SIGN_IDENTITY = "iPhone Developer";
				GENERATE_INFOPLIST_FILE = YES;
				INFOPLIST_FILE = Veralify/App/Info.plist;
				INFOPLIST_KEY_CFBundleDisplayName = Veralify;
				INFOPLIST_KEY_NSCameraUsageDescription = "Veralify uses the camera to scan receipts and identity documents. Receipt photos are uploaded to your account to be read; identity documents are read on this device and never leave it.";
				INFOPLIST_KEY_UIApplicationSupportsIndirectInputEvents = YES;
				INFOPLIST_KEY_UILaunchScreen_Generation = YES;
				INFOPLIST_KEY_UISupportedInterfaceOrientations = "UIInterfaceOrientationPortrait UIInterfaceOrientationLandscapeLeft UIInterfaceOrientationLandscapeRight";
				LD_RUNPATH_SEARCH_PATHS = (
					"$(inherited)",
					"@executable_path/Frameworks",
				);
				PRODUCT_BUNDLE_IDENTIFIER = com.veralify.moneymanager;
				SDKROOT = iphoneos;
				TARGETED_DEVICE_FAMILY = "1,2";
			};
			name = Debug;
		};
		831B22BBCA7F0CC8C352FB84 /* Release */ = {
			isa = XCBuildConfiguration;
			buildSettings = {
				BUNDLE_LOADER = "$(TEST_HOST)";
				LD_RUNPATH_SEARCH_PATHS = (
					"$(inherited)",
					"@executable_path/Frameworks",
					"@loader_path/Frameworks",
				);
				PRODUCT_BUNDLE_IDENTIFIER = com.veralify.VeralifyTests;
				SDKROOT = iphoneos;
				TARGETED_DEVICE_FAMILY = "1,2";
				TEST_HOST = "$(BUILT_PRODUCTS_DIR)/Veralify.app/Veralify";
			};
			name = Release;
		};
		F0CA3E0F15EB48E807518CF4 /* Debug */ = {
			isa = XCBuildConfiguration;
			buildSettings = {
				BUNDLE_LOADER = "$(TEST_HOST)";
				LD_RUNPATH_SEARCH_PATHS = (
					"$(inherited)",
					"@executable_path/Frameworks",
					"@loader_path/Frameworks",
				);
				PRODUCT_BUNDLE_IDENTIFIER = com.veralify.VeralifyTests;
				SDKROOT = iphoneos;
				TARGETED_DEVICE_FAMILY = "1,2";
				TEST_HOST = "$(BUILT_PRODUCTS_DIR)/Veralify.app/Veralify";
			};
			name = Debug;
		};
/* End XCBuildConfiguration section */

/* Begin XCConfigurationList section */
		A79828BC13E7B1B756666978 /* Build configuration list for PBXNativeTarget "Veralify" */ = {
			isa = XCConfigurationList;
			buildConfigurations = (
				57C39DF143E469E1EF57C72F /* Debug */,
				323E41C2AFD878D2A5E6125D /* Release */,
			);
			defaultConfigurationIsVisible = 0;
			defaultConfigurationName = Debug;
		};
		B14B4F623CDC367167E21445 /* Build configuration list for PBXNativeTarget "VeralifyTests" */ = {
			isa = XCConfigurationList;
			buildConfigurations = (
				F0CA3E0F15EB48E807518CF4 /* Debug */,
				831B22BBCA7F0CC8C352FB84 /* Release */,
			);
			defaultConfigurationIsVisible = 0;
			defaultConfigurationName = Debug;
		};
		FD6B6ACF1E10243DB46F7AD0 /* Build configuration list for PBXProject "Veralify" */ = {
			isa = XCConfigurationList;
			buildConfigurations = (
				346328AFFFF3D3F78454C511 /* Debug */,
				4CC13FD3FF2C490992F91582 /* Release */,
			);
			defaultConfigurationIsVisible = 0;
			defaultConfigurationName = Debug;
		};
/* End XCConfigurationList section */

/* Begin XCLocalSwiftPackageReference section */
		8781AFA91857A9267C79182D /* XCLocalSwiftPackageReference "VeralifyCore" */ = {
			isa = XCLocalSwiftPackageReference;
			relativePath = VeralifyCore;
		};
/* End XCLocalSwiftPackageReference section */

/* Begin XCRemoteSwiftPackageReference section */
		1FBF46F65A21E92265FD0F98 /* XCRemoteSwiftPackageReference "supabase-swift" */ = {
			isa = XCRemoteSwiftPackageReference;
			repositoryURL = "https://github.com/supabase/supabase-swift";
			requirement = {
				kind = upToNextMajorVersion;
				minimumVersion = 2.55.0;
			};
		};
/* End XCRemoteSwiftPackageReference section */

/* Begin XCSwiftPackageProductDependency section */
		24B9EE9710E461A4723CDD9A /* VeralifyCore */ = {
			isa = XCSwiftPackageProductDependency;
			productName = VeralifyCore;
		};
		49333D742A7CCE806AFA72FD /* VeralifyCore */ = {
			isa = XCSwiftPackageProductDependency;
			productName = VeralifyCore;
		};
		6BDAAE548F24F3E6F82530B2 /* Supabase */ = {
			isa = XCSwiftPackageProductDependency;
			package = 1FBF46F65A21E92265FD0F98 /* XCRemoteSwiftPackageReference "supabase-swift" */;
			productName = Supabase;
		};
/* End XCSwiftPackageProductDependency section */
	};
	rootObject = C8552CD46F7BB77BE4F536F4 /* Project object */;
}
