// !$*UTF8*$!
{
	archiveVersion = 1;
	classes = {
	};
	objectVersion = 77;
	objects = {

/* Begin PBXBuildFile section */
		B10000012FF6000000683E92 /* AgentSquad in Frameworks */ = {isa = PBXBuildFile; productRef = B10000032FF6000000683E92 /* AgentSquad */; };
/* End PBXBuildFile section */

/* Begin PBXContainerItemProxy section */
		AA9A856E2FF54D3D00683E92 /* PBXContainerItemProxy */ = {
			isa = PBXContainerItemProxy;
			containerPortal = AA9A85582FF54D3C00683E92 /* Project object */;
			proxyType = 1;
			remoteGlobalIDString = AA9A855F2FF54D3C00683E92;
			remoteInfo = veralify;
		};
		AA9A85782FF54D3D00683E92 /* PBXContainerItemProxy */ = {
			isa = PBXContainerItemProxy;
			containerPortal = AA9A85582FF54D3C00683E92 /* Project object */;
			proxyType = 1;
			remoteGlobalIDString = AA9A855F2FF54D3C00683E92;
			remoteInfo = veralify;
		};
/* End PBXContainerItemProxy section */

/* Begin PBXFileReference section */
		AA9A85602FF54D3C00683E92 /* veralify.app */ = {isa = PBXFileReference; explicitFileType = wrapper.application; includeInIndex = 0; path = veralify.app; sourceTree = BUILT_PRODUCTS_DIR; };
		AA9A856D2FF54D3D00683E92 /* veralifyTests.xctest */ = {isa = PBXFileReference; explicitFileType = wrapper.cfbundle; includeInIndex = 0; path = veralifyTests.xctest; sourceTree = BUILT_PRODUCTS_DIR; };
		AA9A85772FF54D3D00683E92 /* veralifyUITests.xctest */ = {isa = PBXFileReference; explicitFileType = wrapper.cfbundle; includeInIndex = 0; path = veralifyUITests.xctest; sourceTree = BUILT_PRODUCTS_DIR; };
/* End PBXFileReference section */

/* Begin PBXFileSystemSynchronizedRootGroup section */
		AA9A85622FF54D3C00683E92 /* veralify */ = {
			isa = PBXFileSystemSynchronizedRootGroup;
			path = veralify;
			sourceTree = "<group>";
		};
		AA9A85702FF54D3D00683E92 /* veralifyTests */ = {
			isa = PBXFileSystemSynchronizedRootGroup;
			path = veralifyTests;
			sourceTree = "<group>";
		};
		AA9A857A2FF54D3D00683E92 /* veralifyUITests */ = {
			isa = PBXFileSystemSynchronizedRootGroup;
			path = veralifyUITests;
			sourceTree = "<group>";
		};
/* End PBXFileSystemSynchronizedRootGroup section */

/* Begin PBXFrameworksBuildPhase section */
		AA9A855D2FF54D3C00683E92 /* Frameworks */ = {
			isa = PBXFrameworksBuildPhase;
			buildActionMask = 2147483647;
			files = (
				B10000012FF6000000683E92 /* AgentSquad in Frameworks */,
			);
			runOnlyForDeploymentPostprocessing = 0;
		};
		AA9A856A2FF54D3D00683E92 /* Frameworks */ = {
			isa = PBXFrameworksBuildPhase;
			buildActionMask = 2147483647;
			files = (
			);
			runOnlyForDeploymentPostprocessing = 0;
		};
		AA9A85742FF54D3D00683E92 /* Frameworks */ = {
			isa = PBXFrameworksBuildPhase;
			buildActionMask = 2147483647;
			files = (
			);
			runOnlyForDeploymentPostprocessing = 0;
		};
/* End PBXFrameworksBuildPhase section */

/* Begin PBXGroup section */
		AA9A85572FF54D3C00683E92 = {
			isa = PBXGroup;
			children = (
				AA9A85622FF54D3C00683E92 /* veralify */,
				AA9A85702FF54D3D00683E92 /* veralifyTests */,
				AA9A857A2FF54D3D00683E92 /* veralifyUITests */,
				AA9A85612FF54D3C00683E92 /* Products */,
			);
			sourceTree = "<group>";
		};
		AA9A85612FF54D3C00683E92 /* Products */ = {
			isa = PBXGroup;
			children = (
				AA9A85602FF54D3C00683E92 /* veralify.app */,
				AA9A856D2FF54D3D00683E92 /* veralifyTests.xctest */,
				AA9A85772FF54D3D00683E92 /* veralifyUITests.xctest */,
			);
			name = Products;
			sourceTree = "<group>";
		};
/* End PBXGroup section */

/* Begin PBXNativeTarget section */
		AA9A855F2FF54D3C00683E92 /* veralify */ = {
			isa = PBXNativeTarget;
			buildConfigurationList = AA9A85812FF54D3D00683E92 /* Build configuration list for PBXNativeTarget "veralify" */;
			buildPhases = (
				AA9A855C2FF54D3C00683E92 /* Sources */,
				AA9A855D2FF54D3C00683E92 /* Frameworks */,
				AA9A855E2FF54D3C00683E92 /* Resources */,
			);
			buildRules = (
			);
			dependencies = (
			);
			fileSystemSynchronizedGroups = (
				AA9A85622FF54D3C00683E92 /* veralify */,
			);
			name = veralify;
			packageProductDependencies = (
				B10000032FF6000000683E92 /* AgentSquad */,
			);
			productReference = AA9A85602FF54D3C00683E92 /* veralify.app */;
			productType = "com.apple.product-type.application";
		};
		AA9A856C2FF54D3D00683E92 /* veralifyTests */ = {
			isa = PBXNativeTarget;
			buildConfigurationList = AA9A85842FF54D3D00683E92 /* Build configuration list for PBXNativeTarget "veralifyTests" */;
			buildPhases = (
				AA9A85692FF54D3D00683E92 /* Sources */,
				AA9A856A2FF54D3D00683E92 /* Frameworks */,
				AA9A856B2FF54D3D00683E92 /* Resources */,
			);
			buildRules = (
			);
			dependencies = (
				AA9A856F2FF54D3D00683E92 /* PBXTargetDependency */,
			);
			fileSystemSynchronizedGroups = (
				AA9A85702FF54D3D00683E92 /* veralifyTests */,
			);
			name = veralifyTests;
			packageProductDependencies = (
			);
			productName = veralifyTests;
			productReference = AA9A856D2FF54D3D00683E92 /* veralifyTests.xctest */;
			productType = "com.apple.product-type.bundle.unit-test";
		};
		AA9A85762FF54D3D00683E92 /* veralifyUITests */ = {
			isa = PBXNativeTarget;
			buildConfigurationList = AA9A85872FF54D3D00683E92 /* Build configuration list for PBXNativeTarget "veralifyUITests" */;
			buildPhases = (
				AA9A85732FF54D3D00683E92 /* Sources */,
				AA9A85742FF54D3D00683E92 /* Frameworks */,
				AA9A85752FF54D3D00683E92 /* Resources */,
			);
			buildRules = (
			);
			dependencies = (
				AA9A85792FF54D3D00683E92 /* PBXTargetDependency */,
			);
			fileSystemSynchronizedGroups = (
				AA9A857A2FF54D3D00683E92 /* veralifyUITests */,
			);
			name = veralifyUITests;
			packageProductDependencies = (
			);
			productName = veralifyUITests;
			productReference = AA9A85772FF54D3D00683E92 /* veralifyUITests.xctest */;
			productType = "com.apple.product-type.bundle.ui-testing";
		};
/* End PBXNativeTarget section */

/* Begin PBXProject section */
		AA9A85582FF54D3C00683E92 /* Project object */ = {
			isa = PBXProject;
			attributes = {
				BuildIndependentTargetsInParallel = 1;
				LastSwiftUpdateCheck = 2660;
				LastUpgradeCheck = 2660;
				TargetAttributes = {
					AA9A855F2FF54D3C00683E92 = {
						CreatedOnToolsVersion = 26.6;
					};
					AA9A856C2FF54D3D00683E92 = {
						CreatedOnToolsVersion = 26.6;
						TestTargetID = AA9A855F2FF54D3C00683E92;
					};
					AA9A85762FF54D3D00683E92 = {
						CreatedOnToolsVersion = 26.6;
						TestTargetID = AA9A855F2FF54D3C00683E92;
					};
				};
			};
			buildConfigurationList = AA9A855B2FF54D3C00683E92 /* Build configuration list for PBXProject "veralify" */;
			developmentRegion = en;
			hasScannedForEncodings = 0;
			knownRegions = (
				en,
				es,
				fr,
				de,
				it,
				ar,
				Base,
			);
			mainGroup = AA9A85572FF54D3C00683E92;
			minimizedProjectReferenceProxies = 1;
			packageReferences = (
				B10000022FF6000000683E92 /* XCRemoteSwiftPackageReference "agent-squad" */,
			);
			preferredProjectObjectVersion = 77;
			productRefGroup = AA9A85612FF54D3C00683E92 /* Products */;
			projectDirPath = "";
			projectRoot = "";
			targets = (
				AA9A855F2FF54D3C00683E92 /* veralify */,
				AA9A856C2FF54D3D00683E92 /* veralifyTests */,
				AA9A85762FF54D3D00683E92 /* veralifyUITests */,
			);
		};
/* End PBXProject section */

/* Begin PBXResourcesBuildPhase section */
		AA9A855E2FF54D3C00683E92 /* Resources */ = {
			isa = PBXResourcesBuildPhase;
			buildActionMask = 2147483647;
			files = (
			);
			runOnlyForDeploymentPostprocessing = 0;
		};
		AA9A856B2FF54D3D00683E92 /* Resources */ = {
			isa = PBXResourcesBuildPhase;
			buildActionMask = 2147483647;
			files = (
			);
			runOnlyForDeploymentPostprocessing = 0;
		};
		AA9A85752FF54D3D00683E92 /* Resources */ = {
			isa = PBXResourcesBuildPhase;
			buildActionMask = 2147483647;
			files = (
			);
			runOnlyForDeploymentPostprocessing = 0;
		};
/* End PBXResourcesBuildPhase section */

/* Begin PBXSourcesBuildPhase section */
		AA9A855C2FF54D3C00683E92 /* Sources */ = {
			isa = PBXSourcesBuildPhase;
			buildActionMask = 2147483647;
			files = (
			);
			runOnlyForDeploymentPostprocessing = 0;
		};
		AA9A85692FF54D3D00683E92 /* Sources */ = {
			isa = PBXSourcesBuildPhase;
			buildActionMask = 2147483647;
			files = (
			);
			runOnlyForDeploymentPostprocessing = 0;
		};
		AA9A85732FF54D3D00683E92 /* Sources */ = {
			isa = PBXSourcesBuildPhase;
			buildActionMask = 2147483647;
			files = (
			);
			runOnlyForDeploymentPostprocessing = 0;
		};
/* End PBXSourcesBuildPhase section */

/* Begin PBXTargetDependency section */
		AA9A856F2FF54D3D00683E92 /* PBXTargetDependency */ = {
			isa = PBXTargetDependency;
			target = AA9A855F2FF54D3C00683E92 /* veralify */;
			targetProxy = AA9A856E2FF54D3D00683E92 /* PBXContainerItemProxy */;
		};
		AA9A85792FF54D3D00683E92 /* PBXTargetDependency */ = {
			isa = PBXTargetDependency;
			target = AA9A855F2FF54D3C00683E92 /* veralify */;
			targetProxy = AA9A85782FF54D3D00683E92 /* PBXContainerItemProxy */;
		};
/* End PBXTargetDependency section */

/* Begin XCBuildConfiguration section */
		AA9A857F2FF54D3D00683E92 /* Debug */ = {
			isa = XCBuildConfiguration;
			buildSettings = {
				ALWAYS_SEARCH_USER_PATHS = NO;
				ASSETCATALOG_COMPILER_GENERATE_SWIFT_ASSET_SYMBOL_EXTENSIONS = YES;
				CLANG_ANALYZER_NONNULL = YES;
				CLANG_ANALYZER_NUMBER_OBJECT_CONVERSION = YES_AGGRESSIVE;
				CLANG_CXX_LANGUAGE_STANDARD = "gnu++20";
				CLANG_ENABLE_MODULES = YES;
				CLANG_ENABLE_OBJC_ARC = YES;
				CLANG_ENABLE_OBJC_WEAK = YES;
				CLANG_WARN_BLOCK_CAPTURE_AUTORELEASING = YES;
				CLANG_WARN_BOOL_CONVERSION = YES;
				CLANG_WARN_COMMA = YES;
				CLANG_WARN_CONSTANT_CONVERSION = YES;
				CLANG_WARN_DEPRECATED_OBJC_IMPLEMENTATIONS = YES;
				CLANG_WARN_DIRECT_OBJC_ISA_USAGE = YES_ERROR;
				CLANG_WARN_DOCUMENTATION_COMMENTS = YES;
				CLANG_WARN_EMPTY_BODY = YES;
				CLANG_WARN_ENUM_CONVERSION = YES;
				CLANG_WARN_INFINITE_RECURSION = YES;
				CLANG_WARN_INT_CONVERSION = YES;
				CLANG_WARN_NON_LITERAL_NULL_CONVERSION = YES;
				CLANG_WARN_OBJC_IMPLICIT_RETAIN_SELF = YES;
				CLANG_WARN_OBJC_LITERAL_CONVERSION = YES;
				CLANG_WARN_OBJC_ROOT_CLASS = YES_ERROR;
				CLANG_WARN_QUOTED_INCLUDE_IN_FRAMEWORK_HEADER = YES;
				CLANG_WARN_RANGE_LOOP_ANALYSIS = YES;
				CLANG_WARN_STRICT_PROTOTYPES = YES;
				CLANG_WARN_SUSPICIOUS_MOVE = YES;
				CLANG_WARN_UNGUARDED_AVAILABILITY = YES_AGGRESSIVE;
				CLANG_WARN_UNREACHABLE_CODE = YES;
				CLANG_WARN__DUPLICATE_METHOD_MATCH = YES;
				COPY_PHASE_STRIP = NO;
				DEBUG_INFORMATION_FORMAT = dwarf;
				DEVELOPMENT_TEAM = ZX3U85MNAW;
				ENABLE_STRICT_OBJC_MSGSEND = YES;
				ENABLE_TESTABILITY = YES;
				ENABLE_USER_SCRIPT_SANDBOXING = YES;
				GCC_C_LANGUAGE_STANDARD = gnu17;
				GCC_DYNAMIC_NO_PIC = NO;
				GCC_NO_COMMON_BLOCKS = YES;
				GCC_OPTIMIZATION_LEVEL = 0;
				GCC_PREPROCESSOR_DEFINITIONS = (
					"DEBUG=1",
					"$(inherited)",
				);
				GCC_WARN_64_TO_32_BIT_CONVERSION = YES;
				GCC_WARN_ABOUT_RETURN_TYPE = YES_ERROR;
				GCC_WARN_UNDECLARED_SELECTOR = YES;
				GCC_WARN_UNINITIALIZED_AUTOS = YES_AGGRESSIVE;
				GCC_WARN_UNUSED_FUNCTION = YES;
				GCC_WARN_UNUSED_VARIABLE = YES;
				IPHONEOS_DEPLOYMENT_TARGET = 26.5;
				LOCALIZATION_PREFERS_STRING_CATALOGS = YES;
				MTL_ENABLE_DEBUG_INFO = INCLUDE_SOURCE;
				MTL_FAST_MATH = YES;
				ONLY_ACTIVE_ARCH = YES;
				SDKROOT = iphoneos;
				SWIFT_ACTIVE_COMPILATION_CONDITIONS = "DEBUG $(inherited)";
				SWIFT_OPTIMIZATION_LEVEL = "-Onone";
			};
			name = Debug;
		};
		AA9A85802FF54D3D00683E92 /* Release */ = {
			isa = XCBuildConfiguration;
			buildSettings = {
				ALWAYS_SEARCH_USER_PATHS = NO;
				ASSETCATALOG_COMPILER_GENERATE_SWIFT_ASSET_SYMBOL_EXTENSIONS = YES;
				CLANG_ANALYZER_NONNULL = YES;
				CLANG_ANALYZER_NUMBER_OBJECT_CONVERSION = YES_AGGRESSIVE;
				CLANG_CXX_LANGUAGE_STANDARD = "gnu++20";
				CLANG_ENABLE_MODULES = YES;
				CLANG_ENABLE_OBJC_ARC = YES;
				CLANG_ENABLE_OBJC_WEAK = YES;
				CLANG_WARN_BLOCK_CAPTURE_AUTORELEASING = YES;
				CLANG_WARN_BOOL_CONVERSION = YES;
				CLANG_WARN_COMMA = YES;
				CLANG_WARN_CONSTANT_CONVERSION = YES;
				CLANG_WARN_DEPRECATED_OBJC_IMPLEMENTATIONS = YES;
				CLANG_WARN_DIRECT_OBJC_ISA_USAGE = YES_ERROR;
				CLANG_WARN_DOCUMENTATION_COMMENTS = YES;
				CLANG_WARN_EMPTY_BODY = YES;
				CLANG_WARN_ENUM_CONVERSION = YES;
				CLANG_WARN_INFINITE_RECURSION = YES;
				CLANG_WARN_INT_CONVERSION = YES;
				CLANG_WARN_NON_LITERAL_NULL_CONVERSION = YES;
				CLANG_WARN_OBJC_IMPLICIT_RETAIN_SELF = YES;
				CLANG_WARN_OBJC_LITERAL_CONVERSION = YES;
				CLANG_WARN_OBJC_ROOT_CLASS = YES_ERROR;
				CLANG_WARN_QUOTED_INCLUDE_IN_FRAMEWORK_HEADER = YES;
				CLANG_WARN_RANGE_LOOP_ANALYSIS = YES;
				CLANG_WARN_STRICT_PROTOTYPES = YES;
				CLANG_WARN_SUSPICIOUS_MOVE = YES;
				CLANG_WARN_UNGUARDED_AVAILABILITY = YES_AGGRESSIVE;
				CLANG_WARN_UNREACHABLE_CODE = YES;
				CLANG_WARN__DUPLICATE_METHOD_MATCH = YES;
				COPY_PHASE_STRIP = NO;
				DEBUG_INFORMATION_FORMAT = "dwarf-with-dsym";
				DEVELOPMENT_TEAM = ZX3U85MNAW;
				ENABLE_NS_ASSERTIONS = NO;
				ENABLE_STRICT_OBJC_MSGSEND = YES;
				ENABLE_USER_SCRIPT_SANDBOXING = YES;
				GCC_C_LANGUAGE_STANDARD = gnu17;
				GCC_NO_COMMON_BLOCKS = YES;
				GCC_WARN_64_TO_32_BIT_CONVERSION = YES;
				GCC_WARN_ABOUT_RETURN_TYPE = YES_ERROR;
				GCC_WARN_UNDECLARED_SELECTOR = YES;
				GCC_WARN_UNINITIALIZED_AUTOS = YES_AGGRESSIVE;
				GCC_WARN_UNUSED_FUNCTION = YES;
				GCC_WARN_UNUSED_VARIABLE = YES;
				IPHONEOS_DEPLOYMENT_TARGET = 26.5;
				LOCALIZATION_PREFERS_STRING_CATALOGS = YES;
				MTL_ENABLE_DEBUG_INFO = NO;
				MTL_FAST_MATH = YES;
				SDKROOT = iphoneos;
				SWIFT_COMPILATION_MODE = wholemodule;
				VALIDATE_PRODUCT = YES;
			};
			name = Release;
		};
		AA9A85822FF54D3D00683E92 /* Debug */ = {
			isa = XCBuildConfiguration;
			buildSettings = {
				ASSETCATALOG_COMPILER_APPICON_NAME = AppIcon;
				ASSETCATALOG_COMPILER_GLOBAL_ACCENT_COLOR_NAME = AccentColor;
				CODE_SIGN_STYLE = Automatic;
				CURRENT_PROJECT_VERSION = 1;
				DEVELOPMENT_TEAM = ZX3U85MNAW;
				ENABLE_PREVIEWS = YES;
				GENERATE_INFOPLIST_FILE = NO;
				INFOPLIST_FILE = Configuration/Info.plist;
				LD_RUNPATH_SEARCH_PATHS = (
					"$(inherited)",
					"@executable_path/Frameworks",
				);
				MARKETING_VERSION = 1.0;
				PRODUCT_BUNDLE_IDENTIFIER = com.veralify.veralify;
				PRODUCT_NAME = "$(TARGET_NAME)";
				STRING_CATALOG_GENERATE_SYMBOLS = YES;
				SWIFT_APPROACHABLE_CONCURRENCY = YES;
				SWIFT_DEFAULT_ACTOR_ISOLATION = MainActor;
				SWIFT_EMIT_LOC_STRINGS = YES;
				SWIFT_UPCOMING_FEATURE_MEMBER_IMPORT_VISIBILITY = YES;
				SWIFT_VERSION = 5.0;
				TARGETED_DEVICE_FAMILY = "1,2";
			};
			name = Debug;
		};
		AA9A85832FF54D3D00683E92 /* Release */ = {
			isa = XCBuildConfiguration;
			buildSettings = {
				ASSETCATALOG_COMPILER_APPICON_NAME = AppIcon;
				ASSETCATALOG_COMPILER_GLOBAL_ACCENT_COLOR_NAME = AccentColor;
				CODE_SIGN_STYLE = Automatic;
				CURRENT_PROJECT_VERSION = 1;
				DEVELOPMENT_TEAM = ZX3U85MNAW;
				ENABLE_PREVIEWS = YES;
				GENERATE_INFOPLIST_FILE = NO;
				INFOPLIST_FILE = Configuration/Info.plist;
				LD_RUNPATH_SEARCH_PATHS = (
					"$(inherited)",
					"@executable_path/Frameworks",
				);
				MARKETING_VERSION = 1.0;
				PRODUCT_BUNDLE_IDENTIFIER = com.veralify.veralify;
				PRODUCT_NAME = "$(TARGET_NAME)";
				STRING_CATALOG_GENERATE_SYMBOLS = YES;
				SWIFT_APPROACHABLE_CONCURRENCY = YES;
				SWIFT_DEFAULT_ACTOR_ISOLATION = MainActor;
				SWIFT_EMIT_LOC_STRINGS = YES;
				SWIFT_UPCOMING_FEATURE_MEMBER_IMPORT_VISIBILITY = YES;
				SWIFT_VERSION = 5.0;
				TARGETED_DEVICE_FAMILY = "1,2";
			};
			name = Release;
		};
		AA9A85852FF54D3D00683E92 /* Debug */ = {
			isa = XCBuildConfiguration;
			buildSettings = {
				BUNDLE_LOADER = "$(TEST_HOST)";
				CODE_SIGN_STYLE = Automatic;
				CURRENT_PROJECT_VERSION = 1;
				DEVELOPMENT_TEAM = ZX3U85MNAW;
				GENERATE_INFOPLIST_FILE = YES;
				IPHONEOS_DEPLOYMENT_TARGET = 26.5;
				MARKETING_VERSION = 1.0;
				PRODUCT_BUNDLE_IDENTIFIER = com.veralify.veralifyTests;
				PRODUCT_NAME = "$(TARGET_NAME)";
				STRING_CATALOG_GENERATE_SYMBOLS = NO;
				SWIFT_APPROACHABLE_CONCURRENCY = YES;
				SWIFT_EMIT_LOC_STRINGS = NO;
				SWIFT_UPCOMING_FEATURE_MEMBER_IMPORT_VISIBILITY = YES;
				SWIFT_VERSION = 5.0;
				TARGETED_DEVICE_FAMILY = "1,2";
				TEST_HOST = "$(BUILT_PRODUCTS_DIR)/veralify.app/$(BUNDLE_EXECUTABLE_FOLDER_PATH)/veralify";
			};
			name = Debug;
		};
		AA9A85862FF54D3D00683E92 /* Release */ = {
			isa = XCBuildConfiguration;
			buildSettings = {
				BUNDLE_LOADER = "$(TEST_HOST)";
				CODE_SIGN_STYLE = Automatic;
				CURRENT_PROJECT_VERSION = 1;
				DEVELOPMENT_TEAM = ZX3U85MNAW;
				GENERATE_INFOPLIST_FILE = YES;
				IPHONEOS_DEPLOYMENT_TARGET = 26.5;
				MARKETING_VERSION = 1.0;
				PRODUCT_BUNDLE_IDENTIFIER = com.veralify.veralifyTests;
				PRODUCT_NAME = "$(TARGET_NAME)";
				STRING_CATALOG_GENERATE_SYMBOLS = NO;
				SWIFT_APPROACHABLE_CONCURRENCY = YES;
				SWIFT_EMIT_LOC_STRINGS = NO;
				SWIFT_UPCOMING_FEATURE_MEMBER_IMPORT_VISIBILITY = YES;
				SWIFT_VERSION = 5.0;
				TARGETED_DEVICE_FAMILY = "1,2";
				TEST_HOST = "$(BUILT_PRODUCTS_DIR)/veralify.app/$(BUNDLE_EXECUTABLE_FOLDER_PATH)/veralify";
			};
			name = Release;
		};
		AA9A85882FF54D3D00683E92 /* Debug */ = {
			isa = XCBuildConfiguration;
			buildSettings = {
				CODE_SIGN_STYLE = Automatic;
				CURRENT_PROJECT_VERSION = 1;
				DEVELOPMENT_TEAM = ZX3U85MNAW;
				GENERATE_INFOPLIST_FILE = YES;
				MARKETING_VERSION = 1.0;
				PRODUCT_BUNDLE_IDENTIFIER = com.veralify.veralifyUITests;
				PRODUCT_NAME = "$(TARGET_NAME)";
				STRING_CATALOG_GENERATE_SYMBOLS = NO;
				SWIFT_APPROACHABLE_CONCURRENCY = YES;
				SWIFT_EMIT_LOC_STRINGS = NO;
				SWIFT_UPCOMING_FEATURE_MEMBER_IMPORT_VISIBILITY = YES;
				SWIFT_VERSION = 5.0;
				TARGETED_DEVICE_FAMILY = "1,2";
				TEST_TARGET_NAME = veralify;
			};
			name = Debug;
		};
		AA9A85892FF54D3D00683E92 /* Release */ = {
			isa = XCBuildConfiguration;
			buildSettings = {
				CODE_SIGN_STYLE = Automatic;
				CURRENT_PROJECT_VERSION = 1;
				DEVELOPMENT_TEAM = ZX3U85MNAW;
				GENERATE_INFOPLIST_FILE = YES;
				MARKETING_VERSION = 1.0;
				PRODUCT_BUNDLE_IDENTIFIER = com.veralify.veralifyUITests;
				PRODUCT_NAME = "$(TARGET_NAME)";
				STRING_CATALOG_GENERATE_SYMBOLS = NO;
				SWIFT_APPROACHABLE_CONCURRENCY = YES;
				SWIFT_EMIT_LOC_STRINGS = NO;
				SWIFT_UPCOMING_FEATURE_MEMBER_IMPORT_VISIBILITY = YES;
				SWIFT_VERSION = 5.0;
				TARGETED_DEVICE_FAMILY = "1,2";
				TEST_TARGET_NAME = veralify;
			};
			name = Release;
		};
/* End XCBuildConfiguration section */

/* Begin XCConfigurationList section */
		AA9A855B2FF54D3C00683E92 /* Build configuration list for PBXProject "veralify" */ = {
			isa = XCConfigurationList;
			buildConfigurations = (
				AA9A857F2FF54D3D00683E92 /* Debug */,
				AA9A85802FF54D3D00683E92 /* Release */,
			);
			defaultConfigurationIsVisible = 0;
			defaultConfigurationName = Release;
		};
		AA9A85812FF54D3D00683E92 /* Build configuration list for PBXNativeTarget "veralify" */ = {
			isa = XCConfigurationList;
			buildConfigurations = (
				AA9A85822FF54D3D00683E92 /* Debug */,
				AA9A85832FF54D3D00683E92 /* Release */,
			);
			defaultConfigurationIsVisible = 0;
			defaultConfigurationName = Release;
		};
		AA9A85842FF54D3D00683E92 /* Build configuration list for PBXNativeTarget "veralifyTests" */ = {
			isa = XCConfigurationList;
			buildConfigurations = (
				AA9A85852FF54D3D00683E92 /* Debug */,
				AA9A85862FF54D3D00683E92 /* Release */,
			);
			defaultConfigurationIsVisible = 0;
			defaultConfigurationName = Release;
		};
		AA9A85872FF54D3D00683E92 /* Build configuration list for PBXNativeTarget "veralifyUITests" */ = {
			isa = XCConfigurationList;
			buildConfigurations = (
				AA9A85882FF54D3D00683E92 /* Debug */,
				AA9A85892FF54D3D00683E92 /* Release */,
			);
			defaultConfigurationIsVisible = 0;
			defaultConfigurationName = Release;
		};
/* End XCConfigurationList section */

/* Begin XCRemoteSwiftPackageReference section */
		B10000022FF6000000683E92 /* XCRemoteSwiftPackageReference "agent-squad" */ = {
			isa = XCRemoteSwiftPackageReference;
			repositoryURL = "https://github.com/2FastLabs/agent-squad";
			requirement = {
				branch = main;
				kind = branch;
			};
		};
/* End XCRemoteSwiftPackageReference section */

/* Begin XCSwiftPackageProductDependency section */
		B10000032FF6000000683E92 /* AgentSquad */ = {
			isa = XCSwiftPackageProductDependency;
			package = B10000022FF6000000683E92 /* XCRemoteSwiftPackageReference "agent-squad" */;
			productName = AgentSquad;
		};
/* End XCSwiftPackageProductDependency section */
	};
	rootObject = AA9A85582FF54D3C00683E92 /* Project object */;
}
