// !$*UTF8*$!
{
	archiveVersion = 1;
	classes = {
	};
	objectVersion = 77;
	objects = {

/* Begin PBXBuildFile section */
		098B6600FCE1D9FB51278568 /* DashboardView.swift in Sources */ = {isa = PBXBuildFile; fileRef = CE1A73CDFD00E4A5CC7960DD /* DashboardView.swift */; };
		5161A3F5DDE4EE3A351F6394 /* RootView.swift in Sources */ = {isa = PBXBuildFile; fileRef = 114E968D35E8839FE804B457 /* RootView.swift */; };
		695EE7FFE8716470EBC4A45A /* AuthManager.swift in Sources */ = {isa = PBXBuildFile; fileRef = 0D101C12915570D576023DF7 /* AuthManager.swift */; };
		6A420FE5832483CAC1EF11E3 /* ProfileFieldView.swift in Sources */ = {isa = PBXBuildFile; fileRef = B177B247979338243E120921 /* ProfileFieldView.swift */; };
		A56A061AD2B15C1D3376A625 /* DocumentRowView.swift in Sources */ = {isa = PBXBuildFile; fileRef = B34DCE8222C6D8D29F0E0570 /* DocumentRowView.swift */; };
		AA6DD7C32EDC0F79918519B6 /* ProfileView.swift in Sources */ = {isa = PBXBuildFile; fileRef = 66455C22AA8840B1A8C23DB8 /* ProfileView.swift */; };
		CA880C20FEA5B3DACAC72E36 /* StatCardView.swift in Sources */ = {isa = PBXBuildFile; fileRef = A3B6E0BB5DA4C9C1F85708FB /* StatCardView.swift */; };
		D19A8D340EBECB54C21703E7 /* VeralifyApp.swift in Sources */ = {isa = PBXBuildFile; fileRef = ADEA134966D197236BDC48C0 /* VeralifyApp.swift */; };
		D396C2B57B12946AD974A1DC /* LoginView.swift in Sources */ = {isa = PBXBuildFile; fileRef = E162275E64730614BC6E9160 /* LoginView.swift */; };
		EA211DD48F3C001E3D4EFD04 /* MainTabView.swift in Sources */ = {isa = PBXBuildFile; fileRef = 55577D2EE9AD1456D1997D21 /* MainTabView.swift */; };
/* End PBXBuildFile section */

/* Begin PBXFileReference section */
		0D101C12915570D576023DF7 /* AuthManager.swift */ = {isa = PBXFileReference; lastKnownFileType = sourcecode.swift; path = AuthManager.swift; sourceTree = "<group>"; };
		114E968D35E8839FE804B457 /* RootView.swift */ = {isa = PBXFileReference; lastKnownFileType = sourcecode.swift; path = RootView.swift; sourceTree = "<group>"; };
		55577D2EE9AD1456D1997D21 /* MainTabView.swift */ = {isa = PBXFileReference; lastKnownFileType = sourcecode.swift; path = MainTabView.swift; sourceTree = "<group>"; };
		66455C22AA8840B1A8C23DB8 /* ProfileView.swift */ = {isa = PBXFileReference; lastKnownFileType = sourcecode.swift; path = ProfileView.swift; sourceTree = "<group>"; };
		9AF04246ECA1F30D8459DA7F /* Veralify.app */ = {isa = PBXFileReference; includeInIndex = 0; lastKnownFileType = wrapper.application; path = Veralify.app; sourceTree = BUILT_PRODUCTS_DIR; };
		A3B6E0BB5DA4C9C1F85708FB /* StatCardView.swift */ = {isa = PBXFileReference; lastKnownFileType = sourcecode.swift; path = StatCardView.swift; sourceTree = "<group>"; };
		ADEA134966D197236BDC48C0 /* VeralifyApp.swift */ = {isa = PBXFileReference; lastKnownFileType = sourcecode.swift; path = VeralifyApp.swift; sourceTree = "<group>"; };
		B177B247979338243E120921 /* ProfileFieldView.swift */ = {isa = PBXFileReference; lastKnownFileType = sourcecode.swift; path = ProfileFieldView.swift; sourceTree = "<group>"; };
		B34DCE8222C6D8D29F0E0570 /* DocumentRowView.swift */ = {isa = PBXFileReference; lastKnownFileType = sourcecode.swift; path = DocumentRowView.swift; sourceTree = "<group>"; };
		CE1A73CDFD00E4A5CC7960DD /* DashboardView.swift */ = {isa = PBXFileReference; lastKnownFileType = sourcecode.swift; path = DashboardView.swift; sourceTree = "<group>"; };
		E162275E64730614BC6E9160 /* LoginView.swift */ = {isa = PBXFileReference; lastKnownFileType = sourcecode.swift; path = LoginView.swift; sourceTree = "<group>"; };
/* End PBXFileReference section */

/* Begin PBXGroup section */
		2816AA6AE1415093CDF458D2 /* Products */ = {
			isa = PBXGroup;
			children = (
				9AF04246ECA1F30D8459DA7F /* Veralify.app */,
			);
			name = Products;
			sourceTree = "<group>";
		};
		5B05606EE418676A18A61CEB /* Veralify */ = {
			isa = PBXGroup;
			children = (
				7E8418326A0ED604ACF1C3BE /* App */,
				7F79F1D7CC9D4210FBDE4BC1 /* Core */,
				7317C43B882F4D9DA304F3DD /* Features */,
				C81E28B376670C2711495F3F /* Root */,
				BB6F53E2841498B5F1C092F2 /* Shared */,
			);
			path = Veralify;
			sourceTree = "<group>";
		};
		6317A8CC68FAC39BF115052C /* Profile */ = {
			isa = PBXGroup;
			children = (
				66455C22AA8840B1A8C23DB8 /* ProfileView.swift */,
			);
			path = Profile;
			sourceTree = "<group>";
		};
		7317C43B882F4D9DA304F3DD /* Features */ = {
			isa = PBXGroup;
			children = (
				E8724E9ABBBC39D296C22DF1 /* Auth */,
				8EFF2AA1F56CD456DF02D04A /* Dashboard */,
				6317A8CC68FAC39BF115052C /* Profile */,
			);
			path = Features;
			sourceTree = "<group>";
		};
		7E8418326A0ED604ACF1C3BE /* App */ = {
			isa = PBXGroup;
			children = (
				ADEA134966D197236BDC48C0 /* VeralifyApp.swift */,
			);
			path = App;
			sourceTree = "<group>";
		};
		7F79F1D7CC9D4210FBDE4BC1 /* Core */ = {
			isa = PBXGroup;
			children = (
				C457F1C64466B438E1F1AC74 /* Auth */,
			);
			path = Core;
			sourceTree = "<group>";
		};
		8EFF2AA1F56CD456DF02D04A /* Dashboard */ = {
			isa = PBXGroup;
			children = (
				CE1A73CDFD00E4A5CC7960DD /* DashboardView.swift */,
			);
			path = Dashboard;
			sourceTree = "<group>";
		};
		9D734170D443CAF870092893 = {
			isa = PBXGroup;
			children = (
				5B05606EE418676A18A61CEB /* Veralify */,
				2816AA6AE1415093CDF458D2 /* Products */,
			);
			sourceTree = "<group>";
		};
		BB6F53E2841498B5F1C092F2 /* Shared */ = {
			isa = PBXGroup;
			children = (
				B34DCE8222C6D8D29F0E0570 /* DocumentRowView.swift */,
				B177B247979338243E120921 /* ProfileFieldView.swift */,
				A3B6E0BB5DA4C9C1F85708FB /* StatCardView.swift */,
			);
			path = Shared;
			sourceTree = "<group>";
		};
		C457F1C64466B438E1F1AC74 /* Auth */ = {
			isa = PBXGroup;
			children = (
				0D101C12915570D576023DF7 /* AuthManager.swift */,
			);
			path = Auth;
			sourceTree = "<group>";
		};
		C81E28B376670C2711495F3F /* Root */ = {
			isa = PBXGroup;
			children = (
				55577D2EE9AD1456D1997D21 /* MainTabView.swift */,
				114E968D35E8839FE804B457 /* RootView.swift */,
			);
			path = Root;
			sourceTree = "<group>";
		};
		E8724E9ABBBC39D296C22DF1 /* Auth */ = {
			isa = PBXGroup;
			children = (
				E162275E64730614BC6E9160 /* LoginView.swift */,
			);
			path = Auth;
			sourceTree = "<group>";
		};
/* End PBXGroup section */

/* Begin PBXNativeTarget section */
		7FB35FFBD54DFDEC58182AD7 /* Veralify */ = {
			isa = PBXNativeTarget;
			buildConfigurationList = A79828BC13E7B1B756666978 /* Build configuration list for PBXNativeTarget "Veralify" */;
			buildPhases = (
				2CD01E721D4407E8AA6CAC07 /* Sources */,
			);
			buildRules = (
			);
			dependencies = (
			);
			name = Veralify;
			packageProductDependencies = (
			);
			productName = Veralify;
			productReference = 9AF04246ECA1F30D8459DA7F /* Veralify.app */;
			productType = "com.apple.product-type.application";
		};
/* End PBXNativeTarget section */

/* Begin PBXProject section */
		C8552CD46F7BB77BE4F536F4 /* Project object */ = {
			isa = PBXProject;
			attributes = {
				BuildIndependentTargetsInParallel = YES;
				LastUpgradeCheck = 1430;
				TargetAttributes = {
				};
			};
			buildConfigurationList = FD6B6ACF1E10243DB46F7AD0 /* Build configuration list for PBXProject "Veralify" */;
			developmentRegion = en;
			hasScannedForEncodings = 0;
			knownRegions = (
				Base,
				en,
			);
			mainGroup = 9D734170D443CAF870092893;
			minimizedProjectReferenceProxies = 1;
			preferredProjectObjectVersion = 77;
			productRefGroup = 2816AA6AE1415093CDF458D2 /* Products */;
			projectDirPath = "";
			projectRoot = "";
			targets = (
				7FB35FFBD54DFDEC58182AD7 /* Veralify */,
			);
		};
/* End PBXProject section */

/* Begin PBXSourcesBuildPhase section */
		2CD01E721D4407E8AA6CAC07 /* Sources */ = {
			isa = PBXSourcesBuildPhase;
			buildActionMask = 2147483647;
			files = (
				695EE7FFE8716470EBC4A45A /* AuthManager.swift in Sources */,
				098B6600FCE1D9FB51278568 /* DashboardView.swift in Sources */,
				A56A061AD2B15C1D3376A625 /* DocumentRowView.swift in Sources */,
				D396C2B57B12946AD974A1DC /* LoginView.swift in Sources */,
				EA211DD48F3C001E3D4EFD04 /* MainTabView.swift in Sources */,
				6A420FE5832483CAC1EF11E3 /* ProfileFieldView.swift in Sources */,
				AA6DD7C32EDC0F79918519B6 /* ProfileView.swift in Sources */,
				5161A3F5DDE4EE3A351F6394 /* RootView.swift in Sources */,
				CA880C20FEA5B3DACAC72E36 /* StatCardView.swift in Sources */,
				D19A8D340EBECB54C21703E7 /* VeralifyApp.swift in Sources */,
			);
			runOnlyForDeploymentPostprocessing = 0;
		};
/* End PBXSourcesBuildPhase section */

/* Begin XCBuildConfiguration section */
		323E41C2AFD878D2A5E6125D /* Release */ = {
			isa = XCBuildConfiguration;
			buildSettings = {
				ASSETCATALOG_COMPILER_APPICON_NAME = AppIcon;
				CODE_SIGN_IDENTITY = "iPhone Developer";
				CURRENT_PROJECT_VERSION = 1;
				GENERATE_INFOPLIST_FILE = YES;
				INFOPLIST_KEY_CFBundleDisplayName = Veralify;
				INFOPLIST_KEY_UIApplicationSupportsIndirectInputEvents = YES;
				INFOPLIST_KEY_UILaunchScreen_Generation = YES;
				IPHONEOS_DEPLOYMENT_TARGET = 26.0;
				LD_RUNPATH_SEARCH_PATHS = (
					"$(inherited)",
					"@executable_path/Frameworks",
				);
				MARKETING_VERSION = 1.0;
				PRODUCT_BUNDLE_IDENTIFIER = com.veralify.ios;
				SDKROOT = iphoneos;
				SWIFT_VERSION = 6.2;
				TARGETED_DEVICE_FAMILY = 1;
			};
			name = Release;
		};
		346328AFFFF3D3F78454C511 /* Debug */ = {
			isa = XCBuildConfiguration;
			buildSettings = {
				ALWAYS_SEARCH_USER_PATHS = NO;
				CLANG_ANALYZER_NONNULL = YES;
				CLANG_ANALYZER_NUMBER_OBJECT_CONVERSION = YES_AGGRESSIVE;
				CLANG_CXX_LANGUAGE_STANDARD = "gnu++14";
				CLANG_CXX_LIBRARY = "libc++";
				CLANG_ENABLE_MODULES = YES;
				CLANG_ENABLE_OBJC_ARC = YES;
				CLANG_ENABLE_OBJC_WEAK = YES;
				CLANG_WARN_BLOCK_CAPTURE_AUTORELEASING = YES;
				CLANG_WARN_BOOL_CONVERSION = YES;
				CLANG_WARN_COMMA = YES;
				CLANG_WARN_CONSTANT_CONVERSION = YES;
				CLANG_WARN_DEPRECATED_OBJC_IMPLEMENTATIONS = YES;
				CLANG_WARN_DIRECT_OBJC_ISA_USAGE = YES_ERROR;
				CLANG_WARN_DOCUMENTATION_COMMENTS = YES;
				CLANG_WARN_EMPTY_BODY = YES;
				CLANG_WARN_ENUM_CONVERSION = YES;
				CLANG_WARN_INFINITE_RECURSION = YES;
				CLANG_WARN_INT_CONVERSION = YES;
				CLANG_WARN_NON_LITERAL_NULL_CONVERSION = YES;
				CLANG_WARN_OBJC_IMPLICIT_RETAIN_SELF = YES;
				CLANG_WARN_OBJC_LITERAL_CONVERSION = YES;
				CLANG_WARN_OBJC_ROOT_CLASS = YES_ERROR;
				CLANG_WARN_QUOTED_INCLUDE_IN_FRAMEWORK_HEADER = YES;
				CLANG_WARN_RANGE_LOOP_ANALYSIS = YES;
				CLANG_WARN_STRICT_PROTOTYPES = YES;
				CLANG_WARN_SUSPICIOUS_MOVE = YES;
				CLANG_WARN_UNGUARDED_AVAILABILITY = YES_AGGRESSIVE;
				CLANG_WARN_UNREACHABLE_CODE = YES;
				CLANG_WARN__DUPLICATE_METHOD_MATCH = YES;
				COPY_PHASE_STRIP = NO;
				DEBUG_INFORMATION_FORMAT = dwarf;
				ENABLE_STRICT_OBJC_MSGSEND = YES;
				ENABLE_TESTABILITY = YES;
				GCC_C_LANGUAGE_STANDARD = gnu11;
				GCC_DYNAMIC_NO_PIC = NO;
				GCC_NO_COMMON_BLOCKS = YES;
				GCC_OPTIMIZATION_LEVEL = 0;
				GCC_PREPROCESSOR_DEFINITIONS = (
					"$(inherited)",
					"DEBUG=1",
				);
				GCC_WARN_64_TO_32_BIT_CONVERSION = YES;
				GCC_WARN_ABOUT_RETURN_TYPE = YES_ERROR;
				GCC_WARN_UNDECLARED_SELECTOR = YES;
				GCC_WARN_UNINITIALIZED_AUTOS = YES_AGGRESSIVE;
				GCC_WARN_UNUSED_FUNCTION = YES;
				GCC_WARN_UNUSED_VARIABLE = YES;
				MTL_ENABLE_DEBUG_INFO = INCLUDE_SOURCE;
				MTL_FAST_MATH = YES;
				ONLY_ACTIVE_ARCH = YES;
				PRODUCT_NAME = "$(TARGET_NAME)";
				SDKROOT = iphoneos;
				SWIFT_ACTIVE_COMPILATION_CONDITIONS = DEBUG;
				SWIFT_OPTIMIZATION_LEVEL = "-Onone";
				SWIFT_VERSION = 5.0;
			};
			name = Debug;
		};
		4CC13FD3FF2C490992F91582 /* Release */ = {
			isa = XCBuildConfiguration;
			buildSettings = {
				ALWAYS_SEARCH_USER_PATHS = NO;
				CLANG_ANALYZER_NONNULL = YES;
				CLANG_ANALYZER_NUMBER_OBJECT_CONVERSION = YES_AGGRESSIVE;
				CLANG_CXX_LANGUAGE_STANDARD = "gnu++14";
				CLANG_CXX_LIBRARY = "libc++";
				CLANG_ENABLE_MODULES = YES;
				CLANG_ENABLE_OBJC_ARC = YES;
				CLANG_ENABLE_OBJC_WEAK = YES;
				CLANG_WARN_BLOCK_CAPTURE_AUTORELEASING = YES;
				CLANG_WARN_BOOL_CONVERSION = YES;
				CLANG_WARN_COMMA = YES;
				CLANG_WARN_CONSTANT_CONVERSION = YES;
				CLANG_WARN_DEPRECATED_OBJC_IMPLEMENTATIONS = YES;
				CLANG_WARN_DIRECT_OBJC_ISA_USAGE = YES_ERROR;
				CLANG_WARN_DOCUMENTATION_COMMENTS = YES;
				CLANG_WARN_EMPTY_BODY = YES;
				CLANG_WARN_ENUM_CONVERSION = YES;
				CLANG_WARN_INFINITE_RECURSION = YES;
				CLANG_WARN_INT_CONVERSION = YES;
				CLANG_WARN_NON_LITERAL_NULL_CONVERSION = YES;
				CLANG_WARN_OBJC_IMPLICIT_RETAIN_SELF = YES;
				CLANG_WARN_OBJC_LITERAL_CONVERSION = YES;
				CLANG_WARN_OBJC_ROOT_CLASS = YES_ERROR;
				CLANG_WARN_QUOTED_INCLUDE_IN_FRAMEWORK_HEADER = YES;
				CLANG_WARN_RANGE_LOOP_ANALYSIS = YES;
				CLANG_WARN_STRICT_PROTOTYPES = YES;
				CLANG_WARN_SUSPICIOUS_MOVE = YES;
				CLANG_WARN_UNGUARDED_AVAILABILITY = YES_AGGRESSIVE;
				CLANG_WARN_UNREACHABLE_CODE = YES;
				CLANG_WARN__DUPLICATE_METHOD_MATCH = YES;
				COPY_PHASE_STRIP = NO;
				DEBUG_INFORMATION_FORMAT = "dwarf-with-dsym";
				ENABLE_NS_ASSERTIONS = NO;
				ENABLE_STRICT_OBJC_MSGSEND = YES;
				GCC_C_LANGUAGE_STANDARD = gnu11;
				GCC_NO_COMMON_BLOCKS = YES;
				GCC_WARN_64_TO_32_BIT_CONVERSION = YES;
				GCC_WARN_ABOUT_RETURN_TYPE = YES_ERROR;
				GCC_WARN_UNDECLARED_SELECTOR = YES;
				GCC_WARN_UNINITIALIZED_AUTOS = YES_AGGRESSIVE;
				GCC_WARN_UNUSED_FUNCTION = YES;
				GCC_WARN_UNUSED_VARIABLE = YES;
				MTL_ENABLE_DEBUG_INFO = NO;
				MTL_FAST_MATH = YES;
				PRODUCT_NAME = "$(TARGET_NAME)";
				SDKROOT = iphoneos;
				SWIFT_COMPILATION_MODE = wholemodule;
				SWIFT_OPTIMIZATION_LEVEL = "-O";
				SWIFT_VERSION = 5.0;
			};
			name = Release;
		};
		57C39DF143E469E1EF57C72F /* Debug */ = {
			isa = XCBuildConfiguration;
			buildSettings = {
				ASSETCATALOG_COMPILER_APPICON_NAME = AppIcon;
				CODE_SIGN_IDENTITY = "iPhone Developer";
				CURRENT_PROJECT_VERSION = 1;
				GENERATE_INFOPLIST_FILE = YES;
				INFOPLIST_KEY_CFBundleDisplayName = Veralify;
				INFOPLIST_KEY_UIApplicationSupportsIndirectInputEvents = YES;
				INFOPLIST_KEY_UILaunchScreen_Generation = YES;
				IPHONEOS_DEPLOYMENT_TARGET = 26.0;
				LD_RUNPATH_SEARCH_PATHS = (
					"$(inherited)",
					"@executable_path/Frameworks",
				);
				MARKETING_VERSION = 1.0;
				PRODUCT_BUNDLE_IDENTIFIER = com.veralify.ios;
				SDKROOT = iphoneos;
				SWIFT_VERSION = 6.2;
				TARGETED_DEVICE_FAMILY = 1;
			};
			name = Debug;
		};
/* End XCBuildConfiguration section */

/* Begin XCConfigurationList section */
		A79828BC13E7B1B756666978 /* Build configuration list for PBXNativeTarget "Veralify" */ = {
			isa = XCConfigurationList;
			buildConfigurations = (
				57C39DF143E469E1EF57C72F /* Debug */,
				323E41C2AFD878D2A5E6125D /* Release */,
			);
			defaultConfigurationIsVisible = 0;
			defaultConfigurationName = Debug;
		};
		FD6B6ACF1E10243DB46F7AD0 /* Build configuration list for PBXProject "Veralify" */ = {
			isa = XCConfigurationList;
			buildConfigurations = (
				346328AFFFF3D3F78454C511 /* Debug */,
				4CC13FD3FF2C490992F91582 /* Release */,
			);
			defaultConfigurationIsVisible = 0;
			defaultConfigurationName = Debug;
		};
/* End XCConfigurationList section */
	};
	rootObject = C8552CD46F7BB77BE4F536F4 /* Project object */;
}
